// !$*UTF8*$!
{
	archiveVersion = 1;
	classes = {
	};
	objectVersion = 46;
	objects = {

/* Begin PBXBuildFile section */
		858B842D18CA22B800AB12DE /* InfoPlist.strings in Resources */ = {isa = PBXBuildFile; fileRef = 858B833A18CA111C00AB12DE /* InfoPlist.strings */; };
		CD45EE7C18DC2D5800FB50C0 /* app in Resources */ = {isa = PBXBuildFile; fileRef = CD45EE7A18DC2D5800FB50C0 /* app */; };
		CD62955D1BB2678900AE3A93 /* main.m in Sources */ = {isa = PBXBuildFile; fileRef = CD62955C1BB2678900AE3A93 /* main.m */; };
		C86D22B35E4D4C2080B806CB /* Assets.xcassets in Resources */ = {isa = PBXBuildFile; fileRef = 5AD6EBC3604B42B6B2CC8D1F /* Assets.xcassets */; };
		5456010810D9409E93E95FA9 /* LaunchScreen.storyboard in Resources */ = {isa = PBXBuildFile; fileRef = 8965A282C519491CAA01EF6C /* LaunchScreen.storyboard */; };
		7A9C3A68AA024CA3934235FD /* build.xcconfig in Resources */ = {isa = PBXBuildFile; fileRef = AF56589161D34ADCAA6218A6 /* build.xcconfig */; };
		4BA0791651934E979482002D /* navigation in Resources */ = {isa = PBXBuildFile; fileRef = 87653AE011C44E65AFF0382B /* navigation */; };
		0EAD1EE219684348AB384C6A /* TNSSideDrawer.framework in Frameworks */ = {isa = PBXBuildFile; fileRef = EB0FEC5EE063437186B2F392 /* TNSSideDrawer.framework */; };
		95BC0BEA4A814A379CC08DAA /* TNSSideDrawer.framework in Embed Frameworks */ = {isa = PBXBuildFile; fileRef = EB0FEC5EE063437186B2F392 /* TNSSideDrawer.framework */; settings = {ATTRIBUTES = (CodeSignOnCopy, ); }; };
		CF3A126F54714DB5AA1F7830 /* NativeScriptEmbedder.m in Sources */ = {isa = PBXBuildFile; fileRef = E797DCB4BDA64B15A5E01243 /* NativeScriptEmbedder.m */; };
		5592FF6753D7457FB820B1EF /* TNSCore.framework in Frameworks */ = {isa = PBXBuildFile; fileRef = EE20295E222D425DB355A026 /* TNSCore.framework */; };
		4C5546B1C07D4540B1D28C74 /* TNSCore.framework in Embed Frameworks */ = {isa = PBXBuildFile; fileRef = EE20295E222D425DB355A026 /* TNSCore.framework */; settings = {ATTRIBUTES = (CodeSignOnCopy, ); }; };
		21E1ECFA93AD4357BAB1A631 /* TNSWidgets.framework in Frameworks */ = {isa = PBXBuildFile; fileRef = D07D7B48158C4DB49C0481BE /* TNSWidgets.framework */; };
		C2487E431DFF415EA12452F1 /* TNSWidgets.framework in Embed Frameworks */ = {isa = PBXBuildFile; fileRef = D07D7B48158C4DB49C0481BE /* TNSWidgets.framework */; settings = {ATTRIBUTES = (CodeSignOnCopy, ); }; };
/* End PBXBuildFile section */

/* Begin PBXCopyFilesBuildPhase section */
		85F5BDFC1A9363BE006B9701 /* Embed Frameworks */ = {
			isa = PBXCopyFilesBuildPhase;
			buildActionMask = 2147483647;
			dstPath = "";
			dstSubfolderSpec = 10;
			files = (
				95BC0BEA4A814A379CC08DAA /* TNSSideDrawer.framework in Embed Frameworks */,
				4C5546B1C07D4540B1D28C74 /* TNSCore.framework in Embed Frameworks */,
				C2487E431DFF415EA12452F1 /* TNSWidgets.framework in Embed Frameworks */,
			);
			name = "Embed Frameworks";
			runOnlyForDeploymentPostprocessing = 0;
		};
/* End PBXCopyFilesBuildPhase section */

/* Begin PBXFileReference section */
		858B832E18CA111C00AB12DE /* mydrawerng.app */ = {isa = PBXFileReference; explicitFileType = wrapper.application; includeInIndex = 0; path = mydrawerng.app; sourceTree = BUILT_PRODUCTS_DIR; };
		858B833918CA111C00AB12DE /* mydrawerng-Info.plist */ = {isa = PBXFileReference; lastKnownFileType = text.plist.xml; path = "mydrawerng-Info.plist"; sourceTree = "<group>"; };
		858B833B18CA111C00AB12DE /* en */ = {isa = PBXFileReference; lastKnownFileType = text.plist.strings; name = en; path = en.lproj/InfoPlist.strings; sourceTree = "<group>"; };
		858B833F18CA111C00AB12DE /* mydrawerng-Prefix.pch */ = {isa = PBXFileReference; lastKnownFileType = sourcecode.c.h; path = "mydrawerng-Prefix.pch"; sourceTree = "<group>"; };
		858B843318CA22B800AB12DE /* mydrawerng.app */ = {isa = PBXFileReference; explicitFileType = wrapper.application; includeInIndex = 0; path = mydrawerng.app; sourceTree = BUILT_PRODUCTS_DIR; };
		CD45EE7A18DC2D5800FB50C0 /* app */ = {isa = PBXFileReference; lastKnownFileType = folder; path = app; sourceTree = "<group>"; };
		CD62955C1BB2678900AE3A93 /* main.m */ = {isa = PBXFileReference; fileEncoding = 4; lastKnownFileType = sourcecode.c.objc; name = main.m; path = internal/main.m; sourceTree = SOURCE_ROOT; };
		CDD59A261BB43B5D00EC2671 /* build-debug.xcconfig */ = {isa = PBXFileReference; fileEncoding = 4; lastKnownFileType = text.xcconfig; path = "build-debug.xcconfig"; sourceTree = "<group>"; };
		CDD59A271BB43B5D00EC2671 /* build-release.xcconfig */ = {isa = PBXFileReference; fileEncoding = 4; lastKnownFileType = text.xcconfig; path = "build-release.xcconfig"; sourceTree = "<group>"; };
		CDF4743E1BA4855C0087EA85 /* build.xcconfig */ = {isa = PBXFileReference; fileEncoding = 4; lastKnownFileType = text.xcconfig; path = build.xcconfig; sourceTree = "<group>"; };
		5AD6EBC3604B42B6B2CC8D1F /* Assets.xcassets */ = {isa = PBXFileReference; name = Assets.xcassets; path = "mydrawerng/Resources/Assets.xcassets"; sourceTree = "<group>"; fileEncoding = undefined; lastKnownFileType = folder.assetcatalog; explicitFileType = undefined; includeInIndex = 0; };
		8965A282C519491CAA01EF6C /* LaunchScreen.storyboard */ = {isa = PBXFileReference; name = LaunchScreen.storyboard; path = "mydrawerng/Resources/LaunchScreen.storyboard"; sourceTree = "<group>"; fileEncoding = undefined; lastKnownFileType = unknown; explicitFileType = undefined; includeInIndex = 0; };
		AF56589161D34ADCAA6218A6 /* build.xcconfig */ = {isa = PBXFileReference; name = build.xcconfig; path = "mydrawerng/Resources/build.xcconfig"; sourceTree = "<group>"; fileEncoding = 4; lastKnownFileType = text.xcconfig; explicitFileType = undefined; includeInIndex = 0; };
		87653AE011C44E65AFF0382B /* navigation */ = {isa = PBXFileReference; name = "navigation"; path = "mydrawerng/Resources/navigation"; sourceTree = "<group>"; fileEncoding = undefined; lastKnownFileType = unknown; explicitFileType = undefined; includeInIndex = 0; };
		EB0FEC5EE063437186B2F392 /* TNSSideDrawer.framework */ = {isa = PBXFileReference; name = TNSSideDrawer.framework; path = "$(SRCROOT)/../../node_modules/nativescript-ui-sidedrawer/platforms/ios/TNSSideDrawer.framework"; sourceTree = "<group>"; fileEncoding = undefined; lastKnownFileType = wrapper.framework; explicitFileType = undefined; includeInIndex = 0; };
		E5C43F55ED6F4ABBB60FDCAE /* NativeScriptEmbedder.h */ = {isa = PBXFileReference; name = NativeScriptEmbedder.h; path = "../../node_modules/tns-core-modules/platforms/ios/src/NativeScriptEmbedder.h"; sourceTree = "<group>"; fileEncoding = 4; lastKnownFileType = sourcecode.c.h; explicitFileType = undefined; includeInIndex = 0; };
		E797DCB4BDA64B15A5E01243 /* NativeScriptEmbedder.m */ = {isa = PBXFileReference; name = NativeScriptEmbedder.m; path = "../../node_modules/tns-core-modules/platforms/ios/src/NativeScriptEmbedder.m"; sourceTree = "<group>"; fileEncoding = 4; lastKnownFileType = sourcecode.c.objc; explicitFileType = undefined; includeInIndex = 0; };
		98C6F1DC7252468BAE465413 /* module.modulemap */ = {isa = PBXFileReference; name = module.modulemap; path = "../../node_modules/tns-core-modules/platforms/ios/src/module.modulemap"; sourceTree = "<group>"; fileEncoding = undefined; lastKnownFileType = sourcecode.module-map; explicitFileType = undefined; includeInIndex = 0; };
		EE20295E222D425DB355A026 /* TNSCore.framework */ = {isa = PBXFileReference; name = TNSCore.framework; path = "$(SRCROOT)/../../node_modules/nativescript-ui-core/platforms/ios/TNSCore.framework"; sourceTree = "<group>"; fileEncoding = undefined; lastKnownFileType = wrapper.framework; explicitFileType = undefined; includeInIndex = 0; };
		D07D7B48158C4DB49C0481BE /* TNSWidgets.framework */ = {isa = PBXFileReference; name = TNSWidgets.framework; path = "$(SRCROOT)/../../node_modules/tns-core-modules-widgets/platforms/ios/TNSWidgets.framework"; sourceTree = "<group>"; fileEncoding = undefined; lastKnownFileType = wrapper.framework; explicitFileType = undefined; includeInIndex = 0; };
/* End PBXFileReference section */

/* Begin PBXFrameworksBuildPhase section */
		858B83F418CA22B800AB12DE /* Frameworks */ = {
			isa = PBXFrameworksBuildPhase;
			buildActionMask = 2147483647;
			files = (
				0EAD1EE219684348AB384C6A /* TNSSideDrawer.framework in Frameworks */,
				5592FF6753D7457FB820B1EF /* TNSCore.framework in Frameworks */,
				21E1ECFA93AD4357BAB1A631 /* TNSWidgets.framework in Frameworks */,
			);
			runOnlyForDeploymentPostprocessing = 0;
		};
/* End PBXFrameworksBuildPhase section */

/* Begin PBXGroup section */
		858B832518CA111C00AB12DE = {
			isa = PBXGroup;
			children = (
				E070579D1B39A9D000214BF1 /* Resources */,
				858B833718CA111C00AB12DE /* mydrawerng */,
				858B833018CA111C00AB12DE /* Frameworks */,
				858B832F18CA111C00AB12DE /* Products */,
				BB8054888F504A50AD5D860C /* TNSNativeSource */,
				F38F6BCF6AFA4DEBA8A88206 /* nativescript-ui-sidedrawer */,
				B1B5EBC4A169416D89AA82CE /* tns-core-modules */,
				D1104B69D4BC4BE4A2926655 /* nativescript-ui-core */,
				F81FD94575D141CD8DF07CD9 /* tns-core-modules-widgets */,
			);
			sourceTree = "<group>";
		};
		858B832F18CA111C00AB12DE /* Products */ = {
			isa = PBXGroup;
			children = (
				858B832E18CA111C00AB12DE /* mydrawerng.app */,
				858B843318CA22B800AB12DE /* mydrawerng.app */,
			);
			name = Products;
			sourceTree = "<group>";
		};
		858B833018CA111C00AB12DE /* Frameworks */ = {
			isa = PBXGroup;
			children = (
				EB0FEC5EE063437186B2F392 /* TNSSideDrawer.framework */,
				EE20295E222D425DB355A026 /* TNSCore.framework */,
				D07D7B48158C4DB49C0481BE /* TNSWidgets.framework */,
			);
			name = Frameworks;
			sourceTree = "<group>";
		};
		858B833718CA111C00AB12DE /* mydrawerng */ = {
			isa = PBXGroup;
			children = (
				CD45EE7A18DC2D5800FB50C0 /* app */,
				858B833818CA111C00AB12DE /* Supporting Files */,
			);
			path = mydrawerng;
			sourceTree = "<group>";
		};
		858B833818CA111C00AB12DE /* Supporting Files */ = {
			isa = PBXGroup;
			children = (
				CDF4743E1BA4855C0087EA85 /* build.xcconfig */,
				CDD59A261BB43B5D00EC2671 /* build-debug.xcconfig */,
				CDD59A271BB43B5D00EC2671 /* build-release.xcconfig */,
				858B833918CA111C00AB12DE /* mydrawerng-Info.plist */,
				858B833A18CA111C00AB12DE /* InfoPlist.strings */,
				CD62955C1BB2678900AE3A93 /* main.m */,
				858B833F18CA111C00AB12DE /* mydrawerng-Prefix.pch */,
			);
			name = "Supporting Files";
			sourceTree = "<group>";
		};
		E070579D1B39A9D000214BF1 /* Resources */ = {
			isa = PBXGroup;
			children = (
				5AD6EBC3604B42B6B2CC8D1F /* Assets.xcassets */,
				8965A282C519491CAA01EF6C /* LaunchScreen.storyboard */,
				AF56589161D34ADCAA6218A6 /* build.xcconfig */,
				87653AE011C44E65AFF0382B /* navigation */,
			);
			name = Resources;
			sourceTree = "<group>";
		};
		BB8054888F504A50AD5D860C /* TNSNativeSource */ = {
			isa = PBXGroup;
			children = (
			);
			name = TNSNativeSource;
			sourceTree = "<group>";
		};
		F38F6BCF6AFA4DEBA8A88206 /* nativescript-ui-sidedrawer */ = {
			isa = PBXGroup;
			children = (
			);
			name = nativescript-ui-sidedrawer;
			sourceTree = "<group>";
		};
		B1B5EBC4A169416D89AA82CE /* tns-core-modules */ = {
			isa = PBXGroup;
			children = (
				E5C43F55ED6F4ABBB60FDCAE /* NativeScriptEmbedder.h */,
				E797DCB4BDA64B15A5E01243 /* NativeScriptEmbedder.m */,
				98C6F1DC7252468BAE465413 /* module.modulemap */,
			);
			name = tns-core-modules;
			sourceTree = "<group>";
		};
		D1104B69D4BC4BE4A2926655 /* nativescript-ui-core */ = {
			isa = PBXGroup;
			children = (
			);
			name = nativescript-ui-core;
			sourceTree = "<group>";
		};
		F81FD94575D141CD8DF07CD9 /* tns-core-modules-widgets */ = {
			isa = PBXGroup;
			children = (
			);
			name = tns-core-modules-widgets;
			sourceTree = "<group>";
		};
/* End PBXGroup section */

/* Begin PBXNativeTarget section */
		858B83EF18CA22B800AB12DE /* mydrawerng */ = {
			isa = PBXNativeTarget;
			buildConfigurationList = 858B843018CA22B800AB12DE /* Build configuration list for PBXNativeTarget "mydrawerng" */;
			buildPhases = (
				C97FD7AC1ADE5369004DB2A4 /* NativeScript PreBuild */,
				858B83F218CA22B800AB12DE /* Sources */,
				CD62955B1BB2651D00AE3A93 /* NativeScript PreLink */,
				858B83F418CA22B800AB12DE /* Frameworks */,
				858B842C18CA22B800AB12DE /* Resources */,
				85F5BDFC1A9363BE006B9701 /* Embed Frameworks */,
				CD3EAD351B05FF060042DBFC /* NativeScript PostBuild */,
			);
			buildRules = (
			);
			dependencies = (
			);
			name = mydrawerng;
			productName = JDBridgeApp;
			productReference = 858B843318CA22B800AB12DE /* mydrawerng.app */;
			productType = "com.apple.product-type.application";
		};
/* End PBXNativeTarget section */

/* Begin PBXProject section */
		858B832618CA111C00AB12DE /* Project object */ = {
			isa = PBXProject;
			attributes = {
				CLASSPREFIX = TNS;
				LastUpgradeCheck = 500;
				ORGANIZATIONNAME = Telerik;
			};
			buildConfigurationList = 858B832918CA111C00AB12DE /* Build configuration list for PBXProject "mydrawerng" */;
			compatibilityVersion = "Xcode 3.2";
			developmentRegion = English;
			hasScannedForEncodings = 0;
			knownRegions = (
				en,
			);
			mainGroup = 858B832518CA111C00AB12DE;
			productRefGroup = 858B832F18CA111C00AB12DE /* Products */;
			projectDirPath = "";
			projectRoot = "";
			targets = (
				858B83EF18CA22B800AB12DE /* mydrawerng */,
			);
		};
/* End PBXProject section */

/* Begin PBXResourcesBuildPhase section */
		858B842C18CA22B800AB12DE /* Resources */ = {
			isa = PBXResourcesBuildPhase;
			buildActionMask = 2147483647;
			files = (
				CD45EE7C18DC2D5800FB50C0 /* app in Resources */,
				858B842D18CA22B800AB12DE /* InfoPlist.strings in Resources */,
				C86D22B35E4D4C2080B806CB /* Assets.xcassets in Resources */,
				5456010810D9409E93E95FA9 /* LaunchScreen.storyboard in Resources */,
				7A9C3A68AA024CA3934235FD /* build.xcconfig in Resources */,
				4BA0791651934E979482002D /* navigation in Resources */,
			);
			runOnlyForDeploymentPostprocessing = 0;
		};
/* End PBXResourcesBuildPhase section */

/* Begin PBXShellScriptBuildPhase section */
		C97FD7AC1ADE5369004DB2A4 /* NativeScript PreBuild */ = {
			isa = PBXShellScriptBuildPhase;
			buildActionMask = 2147483647;
			files = (
			);
			inputPaths = (
			);
			name = "NativeScript PreBuild";
			outputPaths = (
			);
			runOnlyForDeploymentPostprocessing = 0;
			shellPath = /bin/sh;
			shellScript = "\"$SRCROOT/internal/nativescript-pre-build\"";
			showEnvVarsInLog = 0;
		};
		CD3EAD351B05FF060042DBFC /* NativeScript PostBuild */ = {
			isa = PBXShellScriptBuildPhase;
			buildActionMask = 2147483647;
			files = (
			);
			inputPaths = (
			);
			name = "NativeScript PostBuild";
			outputPaths = (
			);
			runOnlyForDeploymentPostprocessing = 0;
			shellPath = /bin/sh;
			shellScript = "\"$SRCROOT/internal/nativescript-post-build\"";
			showEnvVarsInLog = 0;
		};
		CD62955B1BB2651D00AE3A93 /* NativeScript PreLink */ = {
			isa = PBXShellScriptBuildPhase;
			buildActionMask = 2147483647;
			files = (
			);
			inputPaths = (
			);
			name = "NativeScript PreLink";
			outputPaths = (
			);
			runOnlyForDeploymentPostprocessing = 0;
			shellPath = /bin/sh;
			shellScript = "\"$SRCROOT/internal/nativescript-pre-link\"";
			showEnvVarsInLog = 0;
		};
/* End PBXShellScriptBuildPhase section */

/* Begin PBXSourcesBuildPhase section */
		858B83F218CA22B800AB12DE /* Sources */ = {
			isa = PBXSourcesBuildPhase;
			buildActionMask = 2147483647;
			files = (
				CD62955D1BB2678900AE3A93 /* main.m in Sources */,
				CF3A126F54714DB5AA1F7830 /* NativeScriptEmbedder.m in Sources */,
			);
			runOnlyForDeploymentPostprocessing = 0;
		};
/* End PBXSourcesBuildPhase section */

/* Begin PBXVariantGroup section */
		858B833A18CA111C00AB12DE /* InfoPlist.strings */ = {
			isa = PBXVariantGroup;
			children = (
				858B833B18CA111C00AB12DE /* en */,
			);
			name = InfoPlist.strings;
			sourceTree = "<group>";
		};
/* End PBXVariantGroup section */

/* Begin XCBuildConfiguration section */
		858B835818CA111C00AB12DE /* Debug */ = {
			isa = XCBuildConfiguration;
			buildSettings = {
				ALWAYS_SEARCH_USER_PATHS = NO;
				ARCHS = "$(ARCHS_STANDARD)";
				CLANG_CXX_LANGUAGE_STANDARD = "gnu++0x";
				CLANG_CXX_LIBRARY = "libc++";
				CLANG_ENABLE_MODULES = YES;
				CLANG_ENABLE_OBJC_ARC = YES;
				CLANG_WARN_BOOL_CONVERSION = YES;
				CLANG_WARN_CONSTANT_CONVERSION = YES;
				CLANG_WARN_DIRECT_OBJC_ISA_USAGE = YES_ERROR;
				CLANG_WARN_EMPTY_BODY = YES;
				CLANG_WARN_ENUM_CONVERSION = YES;
				CLANG_WARN_INT_CONVERSION = YES;
				CLANG_WARN_OBJC_ROOT_CLASS = YES_ERROR;
				CLANG_WARN__DUPLICATE_METHOD_MATCH = YES;
				"CODE_SIGN_IDENTITY[sdk=iphoneos*]" = "iPhone Developer";
				COPY_PHASE_STRIP = NO;
				GCC_C_LANGUAGE_STANDARD = gnu99;
				GCC_DYNAMIC_NO_PIC = NO;
				GCC_OPTIMIZATION_LEVEL = 0;
				GCC_SYMBOLS_PRIVATE_EXTERN = NO;
				GCC_WARN_64_TO_32_BIT_CONVERSION = YES;
				GCC_WARN_ABOUT_RETURN_TYPE = YES_ERROR;
				GCC_WARN_UNDECLARED_SELECTOR = YES;
				GCC_WARN_UNINITIALIZED_AUTOS = YES;
				GCC_WARN_UNUSED_FUNCTION = YES;
				GCC_WARN_UNUSED_VARIABLE = YES;
				IPHONEOS_DEPLOYMENT_TARGET = 9.0;
				ONLY_ACTIVE_ARCH = YES;
				SDKROOT = iphoneos;
				TARGETED_DEVICE_FAMILY = "1,2";
			};
			name = Debug;
		};
		858B835918CA111C00AB12DE /* Release */ = {
			isa = XCBuildConfiguration;
			buildSettings = {
				ALWAYS_SEARCH_USER_PATHS = NO;
				ARCHS = "$(ARCHS_STANDARD)";
				CLANG_CXX_LANGUAGE_STANDARD = "gnu++0x";
				CLANG_CXX_LIBRARY = "libc++";
				CLANG_ENABLE_MODULES = YES;
				CLANG_ENABLE_OBJC_ARC = YES;
				CLANG_WARN_BOOL_CONVERSION = YES;
				CLANG_WARN_CONSTANT_CONVERSION = YES;
				CLANG_WARN_DIRECT_OBJC_ISA_USAGE = YES_ERROR;
				CLANG_WARN_EMPTY_BODY = YES;
				CLANG_WARN_ENUM_CONVERSION = YES;
				CLANG_WARN_INT_CONVERSION = YES;
				CLANG_WARN_OBJC_ROOT_CLASS = YES_ERROR;
				CLANG_WARN__DUPLICATE_METHOD_MATCH = YES;
				"CODE_SIGN_IDENTITY[sdk=iphoneos*]" = "iPhone Developer";
				COPY_PHASE_STRIP = YES;
				ENABLE_NS_ASSERTIONS = NO;
				GCC_C_LANGUAGE_STANDARD = gnu99;
				GCC_WARN_64_TO_32_BIT_CONVERSION = YES;
				GCC_WARN_ABOUT_RETURN_TYPE = YES_ERROR;
				GCC_WARN_UNDECLARED_SELECTOR = YES;
				GCC_WARN_UNINITIALIZED_AUTOS = YES;
				GCC_WARN_UNUSED_FUNCTION = YES;
				GCC_WARN_UNUSED_VARIABLE = YES;
				IPHONEOS_DEPLOYMENT_TARGET = 9.0;
				SDKROOT = iphoneos;
				TARGETED_DEVICE_FAMILY = "1,2";
				VALIDATE_PRODUCT = YES;
			};
			name = Release;
		};
		858B843118CA22B800AB12DE /* Debug */ = {
			isa = XCBuildConfiguration;
			baseConfigurationReference = CDD59A261BB43B5D00EC2671 /* build-debug.xcconfig */;
			buildSettings = {
				ARCHS = "$(ARCHS_STANDARD)";
				ENABLE_BITCODE = NO;
				GCC_PRECOMPILE_PREFIX_HEADER = YES;
				GCC_PREFIX_HEADER = "mydrawerng/mydrawerng-Prefix.pch";
				GCC_PREPROCESSOR_DEFINITIONS = (
					"$(inherited)",
					"DEBUG=1",
				);
				INFOPLIST_FILE = "$(SRCROOT)/mydrawerng/mydrawerng-Info.plist";
				LD_RUNPATH_SEARCH_PATHS = "$(inherited) @executable_path/Frameworks";
				PRODUCT_NAME = mydrawerng;
				WRAPPER_EXTENSION = app;
				HEADER_SEARCH_PATHS = (
					"$(inherited)",
					"\"$(SRCROOT)/../../App_Resources/iOS/src\"",
					"\"$(SRCROOT)/../../node_modules/nativescript-ui-sidedrawer/platforms/ios/src\"",
					"\"$(SRCROOT)/../../node_modules/tns-core-modules/platforms/ios/src\"",
					"\"$(SRCROOT)/../../node_modules/nativescript-ui-core/platforms/ios/src\"",
					"\"$(SRCROOT)/../../node_modules/tns-core-modules-widgets/platforms/ios/src\"",
				);
				FRAMEWORK_SEARCH_PATHS = (
					"$(inherited)",
					"\"$(SRCROOT)/../../node_modules/nativescript-ui-sidedrawer/platforms/ios\"",
					"\"$(SRCROOT)/../../node_modules/nativescript-ui-core/platforms/ios\"",
					"\"$(SRCROOT)/../../node_modules/tns-core-modules-widgets/platforms/ios\"",
				);
				PRODUCT_BUNDLE_IDENTIFIER = "org.nativescript.mydrawerng";
			};
			name = Debug;
		};
		858B843218CA22B800AB12DE /* Release */ = {
			isa = XCBuildConfiguration;
			baseConfigurationReference = CDD59A271BB43B5D00EC2671 /* build-release.xcconfig */;
			buildSettings = {
				ARCHS = "$(ARCHS_STANDARD)";
				ENABLE_BITCODE = NO;
				GCC_PRECOMPILE_PREFIX_HEADER = YES;
				GCC_PREFIX_HEADER = "mydrawerng/mydrawerng-Prefix.pch";
				INFOPLIST_FILE = "$(SRCROOT)/mydrawerng/mydrawerng-Info.plist";
				LD_RUNPATH_SEARCH_PATHS = "$(inherited) @executable_path/Frameworks";
				PRODUCT_NAME = mydrawerng;
				WRAPPER_EXTENSION = app;
				HEADER_SEARCH_PATHS = (
					"$(inherited)",
					"\"$(SRCROOT)/../../App_Resources/iOS/src\"",
					"\"$(SRCROOT)/../../node_modules/nativescript-ui-sidedrawer/platforms/ios/src\"",
					"\"$(SRCROOT)/../../node_modules/tns-core-modules/platforms/ios/src\"",
					"\"$(SRCROOT)/../../node_modules/nativescript-ui-core/platforms/ios/src\"",
					"\"$(SRCROOT)/../../node_modules/tns-core-modules-widgets/platforms/ios/src\"",
				);
				FRAMEWORK_SEARCH_PATHS = (
					"$(inherited)",
					"\"$(SRCROOT)/../../node_modules/nativescript-ui-sidedrawer/platforms/ios\"",
					"\"$(SRCROOT)/../../node_modules/nativescript-ui-core/platforms/ios\"",
					"\"$(SRCROOT)/../../node_modules/tns-core-modules-widgets/platforms/ios\"",
				);
				PRODUCT_BUNDLE_IDENTIFIER = "org.nativescript.mydrawerng";
			};
			name = Release;
		};
/* End XCBuildConfiguration section */

/* Begin XCConfigurationList section */
		858B832918CA111C00AB12DE /* Build configuration list for PBXProject "mydrawerng" */ = {
			isa = XCConfigurationList;
			buildConfigurations = (
				858B835818CA111C00AB12DE /* Debug */,
				858B835918CA111C00AB12DE /* Release */,
			);
			defaultConfigurationIsVisible = 0;
			defaultConfigurationName = Release;
		};
		858B843018CA22B800AB12DE /* Build configuration list for PBXNativeTarget "mydrawerng" */ = {
			isa = XCConfigurationList;
			buildConfigurations = (
				858B843118CA22B800AB12DE /* Debug */,
				858B843218CA22B800AB12DE /* Release */,
			);
			defaultConfigurationIsVisible = 0;
			defaultConfigurationName = Release;
		};
/* End XCConfigurationList section */
	};
	rootObject = 858B832618CA111C00AB12DE /* Project object */;
}
